
Microsoft Visual Studio Solution File, Format Version 12.00
# Visual Studio Version 17
VisualStudioVersion = 17.3.32901.215
MinimumVisualStudioVersion = 10.0.40219.1
Project("{FAE04EC0-301F-11D3-BF4B-00C04F79EFBC}") = "Ques_3", "Ques_3\Ques_3.csproj", "{A6B3EA34-F357-4022-AE78-26B39EB5945F}"
EndProject
Global
	GlobalSection(SolutionConfigurationPlatforms) = preSolution
		Debug|Any CPU = Debug|Any CPU
		Release|Any CPU = Release|Any CPU
	EndGlobalSection
	GlobalSection(ProjectConfigurationPlatforms) = postSolution
		{A6B3EA34-F357-4022-AE78-26B39EB5945F}.Debug|Any CPU.ActiveCfg = Debug|Any CPU
		{A6B3EA34-F357-4022-AE78-26B39EB5945F}.Debug|Any CPU.Build.0 = Debug|Any CPU
		{A6B3EA34-F357-4022-AE78-26B39EB5945F}.Release|Any CPU.ActiveCfg = Release|Any CPU
		{A6B3EA34-F357-4022-AE78-26B39EB5945F}.Release|Any CPU.Build.0 = Release|Any CPU
	EndGlobalSection
	GlobalSection(SolutionProperties) = preSolution
		HideSolutionNode = FALSE
	EndGlobalSection
	GlobalSection(ExtensibilityGlobals) = postSolution
		SolutionGuid = {4EED76C0-19F9-4F46-A6D9-F9C4424CD1AA}
	EndGlobalSection
EndGlobal
