
Microsoft Visual Studio Solution File, Format Version 12.00
# Visual Studio Version 17
VisualStudioVersion = 17.3.32901.215
MinimumVisualStudioVersion = 10.0.40219.1
Project("{FAE04EC0-301F-11D3-BF4B-00C04F79EFBC}") = "directory_exists", "directory_exists\directory_exists.csproj", "{55834070-6E9E-45F8-A5F6-30F90B8988DD}"
EndProject
Global
	GlobalSection(SolutionConfigurationPlatforms) = preSolution
		Debug|Any CPU = Debug|Any CPU
		Release|Any CPU = Release|Any CPU
	EndGlobalSection
	GlobalSection(ProjectConfigurationPlatforms) = postSolution
		{55834070-6E9E-45F8-A5F6-30F90B8988DD}.Debug|Any CPU.ActiveCfg = Debug|Any CPU
		{55834070-6E9E-45F8-A5F6-30F90B8988DD}.Debug|Any CPU.Build.0 = Debug|Any CPU
		{55834070-6E9E-45F8-A5F6-30F90B8988DD}.Release|Any CPU.ActiveCfg = Release|Any CPU
		{55834070-6E9E-45F8-A5F6-30F90B8988DD}.Release|Any CPU.Build.0 = Release|Any CPU
	EndGlobalSection
	GlobalSection(SolutionProperties) = preSolution
		HideSolutionNode = FALSE
	EndGlobalSection
	GlobalSection(ExtensibilityGlobals) = postSolution
		SolutionGuid = {0A2555BF-D10F-4A21-8852-635171323ADA}
	EndGlobalSection
EndGlobal
