
Microsoft Visual Studio Solution File, Format Version 12.00
# Visual Studio Version 17
VisualStudioVersion = 17.3.32901.215
MinimumVisualStudioVersion = 10.0.40219.1
Project("{FAE04EC0-301F-11D3-BF4B-00C04F79EFBC}") = "delegates", "delegates\delegates.csproj", "{AE91D69B-888B-459A-9EE3-EB99B419D5F1}"
EndProject
Global
	GlobalSection(SolutionConfigurationPlatforms) = preSolution
		Debug|Any CPU = Debug|Any CPU
		Release|Any CPU = Release|Any CPU
	EndGlobalSection
	GlobalSection(ProjectConfigurationPlatforms) = postSolution
		{AE91D69B-888B-459A-9EE3-EB99B419D5F1}.Debug|Any CPU.ActiveCfg = Debug|Any CPU
		{AE91D69B-888B-459A-9EE3-EB99B419D5F1}.Debug|Any CPU.Build.0 = Debug|Any CPU
		{AE91D69B-888B-459A-9EE3-EB99B419D5F1}.Release|Any CPU.ActiveCfg = Release|Any CPU
		{AE91D69B-888B-459A-9EE3-EB99B419D5F1}.Release|Any CPU.Build.0 = Release|Any CPU
	EndGlobalSection
	GlobalSection(SolutionProperties) = preSolution
		HideSolutionNode = FALSE
	EndGlobalSection
	GlobalSection(ExtensibilityGlobals) = postSolution
		SolutionGuid = {D4905B41-988E-4FCA-81AC-C5E077C9CAB1}
	EndGlobalSection
EndGlobal
