
Microsoft Visual Studio Solution File, Format Version 12.00
# Visual Studio Version 17
VisualStudioVersion = 17.3.32901.215
MinimumVisualStudioVersion = 10.0.40219.1
Project("{FAE04EC0-301F-11D3-BF4B-00C04F79EFBC}") = "Ques_2", "Ques_2\Ques_2.csproj", "{FB9527DD-B8ED-4FC3-A72C-6E5A1E64422B}"
EndProject
Global
	GlobalSection(SolutionConfigurationPlatforms) = preSolution
		Debug|Any CPU = Debug|Any CPU
		Release|Any CPU = Release|Any CPU
	EndGlobalSection
	GlobalSection(ProjectConfigurationPlatforms) = postSolution
		{FB9527DD-B8ED-4FC3-A72C-6E5A1E64422B}.Debug|Any CPU.ActiveCfg = Debug|Any CPU
		{FB9527DD-B8ED-4FC3-A72C-6E5A1E64422B}.Debug|Any CPU.Build.0 = Debug|Any CPU
		{FB9527DD-B8ED-4FC3-A72C-6E5A1E64422B}.Release|Any CPU.ActiveCfg = Release|Any CPU
		{FB9527DD-B8ED-4FC3-A72C-6E5A1E64422B}.Release|Any CPU.Build.0 = Release|Any CPU
	EndGlobalSection
	GlobalSection(SolutionProperties) = preSolution
		HideSolutionNode = FALSE
	EndGlobalSection
	GlobalSection(ExtensibilityGlobals) = postSolution
		SolutionGuid = {5A6447E8-BB5A-46B3-9525-912280865C2A}
	EndGlobalSection
EndGlobal
